
Microsoft Visual Studio Solution File, Format Version 12.00
# Visual Studio 2013
VisualStudioVersion = 12.0.31101.0
MinimumVisualStudioVersion = 10.0.40219.1
Project("{FAE04EC0-301F-11D3-BF4B-00C04F79EFBC}") = "TestNHibernate2", "TestNHibernate2\TestNHibernate2.csproj", "{99C54F92-63A3-4844-86EA-E01E34CCF56A}"
EndProject
Project("{FAE04EC0-301F-11D3-BF4B-00C04F79EFBC}") = "NHibernateDataAccess", "NHibernateDataAccess\NHibernateDataAccess.csproj", "{F50B2308-5E82-43B9-9130-0EF5103D78EA}"
EndProject
Project("{FAE04EC0-301F-11D3-BF4B-00C04F79EFBC}") = "DataModel", "DataModel\DataModel.csproj", "{C4C7044A-BD90-45FC-BDAF-FCE14E677190}"
EndProject
Project("{FAE04EC0-301F-11D3-BF4B-00C04F79EFBC}") = "ExcelAddInNHibernate", "ExcelAddIn1\ExcelAddInNHibernate.csproj", "{412B3056-1AD8-4F2E-A924-D45616768870}"
EndProject
Global
	GlobalSection(SolutionConfigurationPlatforms) = preSolution
		Debug|Any CPU = Debug|Any CPU
		Release|Any CPU = Release|Any CPU
	EndGlobalSection
	GlobalSection(ProjectConfigurationPlatforms) = postSolution
		{99C54F92-63A3-4844-86EA-E01E34CCF56A}.Debug|Any CPU.ActiveCfg = Debug|Any CPU
		{99C54F92-63A3-4844-86EA-E01E34CCF56A}.Debug|Any CPU.Build.0 = Debug|Any CPU
		{99C54F92-63A3-4844-86EA-E01E34CCF56A}.Release|Any CPU.ActiveCfg = Release|Any CPU
		{99C54F92-63A3-4844-86EA-E01E34CCF56A}.Release|Any CPU.Build.0 = Release|Any CPU
		{F50B2308-5E82-43B9-9130-0EF5103D78EA}.Debug|Any CPU.ActiveCfg = Debug|Any CPU
		{F50B2308-5E82-43B9-9130-0EF5103D78EA}.Debug|Any CPU.Build.0 = Debug|Any CPU
		{F50B2308-5E82-43B9-9130-0EF5103D78EA}.Release|Any CPU.ActiveCfg = Release|Any CPU
		{F50B2308-5E82-43B9-9130-0EF5103D78EA}.Release|Any CPU.Build.0 = Release|Any CPU
		{C4C7044A-BD90-45FC-BDAF-FCE14E677190}.Debug|Any CPU.ActiveCfg = Debug|Any CPU
		{C4C7044A-BD90-45FC-BDAF-FCE14E677190}.Debug|Any CPU.Build.0 = Debug|Any CPU
		{C4C7044A-BD90-45FC-BDAF-FCE14E677190}.Release|Any CPU.ActiveCfg = Release|Any CPU
		{C4C7044A-BD90-45FC-BDAF-FCE14E677190}.Release|Any CPU.Build.0 = Release|Any CPU
		{412B3056-1AD8-4F2E-A924-D45616768870}.Debug|Any CPU.ActiveCfg = Debug|Any CPU
		{412B3056-1AD8-4F2E-A924-D45616768870}.Debug|Any CPU.Build.0 = Debug|Any CPU
		{412B3056-1AD8-4F2E-A924-D45616768870}.Release|Any CPU.ActiveCfg = Release|Any CPU
		{412B3056-1AD8-4F2E-A924-D45616768870}.Release|Any CPU.Build.0 = Release|Any CPU
	EndGlobalSection
	GlobalSection(SolutionProperties) = preSolution
		HideSolutionNode = FALSE
	EndGlobalSection
EndGlobal
